{
  "name": "ampcode-cli-recreation",
  "version": "0.0.0",
  "lockfileVersion": 3,
  "requires": true,
  "packages": {
    "": {
      "name": "ampcode-cli-recreation",
      "version": "0.0.0",
      "bin": {
        "amp": "bin/amp.mjs"
      },
      "engines": {
        "node": ">=20"
      }
    }
  }
}
